
Microsoft Visual Studio Solution File, Format Version 12.00
# Visual Studio Express 15 for Windows Desktop
VisualStudioVersion = 15.0.28307.489
MinimumVisualStudioVersion = 10.0.40219.1
Project("{FAE04EC0-301F-11D3-BF4B-00C04F79EFBC}") = "Particle", "Particle\Particle.csproj", "{8C2C7EE7-6F57-4AC4-9471-1CA5F8555483}"
EndProject
Global
	GlobalSection(SolutionConfigurationPlatforms) = preSolution
		Debug|Any CPU = Debug|Any CPU
		Release|Any CPU = Release|Any CPU
	EndGlobalSection
	GlobalSection(ProjectConfigurationPlatforms) = postSolution
		{8C2C7EE7-6F57-4AC4-9471-1CA5F8555483}.Debug|Any CPU.ActiveCfg = Debug|Any CPU
		{8C2C7EE7-6F57-4AC4-9471-1CA5F8555483}.Debug|Any CPU.Build.0 = Debug|Any CPU
		{8C2C7EE7-6F57-4AC4-9471-1CA5F8555483}.Release|Any CPU.ActiveCfg = Release|Any CPU
		{8C2C7EE7-6F57-4AC4-9471-1CA5F8555483}.Release|Any CPU.Build.0 = Release|Any CPU
	EndGlobalSection
	GlobalSection(SolutionProperties) = preSolution
		HideSolutionNode = FALSE
	EndGlobalSection
	GlobalSection(ExtensibilityGlobals) = postSolution
		SolutionGuid = {CA2EDF0A-7ED1-4293-BD92-1D4F98FCB541}
	EndGlobalSection
EndGlobal
